
Microsoft Visual Studio Solution File, Format Version 12.00
# Visual Studio Version 17
VisualStudioVersion = 17.8.34330.188
MinimumVisualStudioVersion = 10.0.40219.1
Project("{FAE04EC0-301F-11D3-BF4B-00C04F79EFBC}") = "Stage0", "Stage0\Stage0.csproj", "{BFA82256-1A69-4261-9C2D-192770FB1360}"
EndProject
Global
	GlobalSection(SolutionConfigurationPlatforms) = preSolution
		Debug|Any CPU = Debug|Any CPU
		Release|Any CPU = Release|Any CPU
	EndGlobalSection
	GlobalSection(ProjectConfigurationPlatforms) = postSolution
		{BFA82256-1A69-4261-9C2D-192770FB1360}.Debug|Any CPU.ActiveCfg = Debug|Any CPU
		{BFA82256-1A69-4261-9C2D-192770FB1360}.Debug|Any CPU.Build.0 = Debug|Any CPU
		{BFA82256-1A69-4261-9C2D-192770FB1360}.Release|Any CPU.ActiveCfg = Release|Any CPU
		{BFA82256-1A69-4261-9C2D-192770FB1360}.Release|Any CPU.Build.0 = Release|Any CPU
	EndGlobalSection
	GlobalSection(SolutionProperties) = preSolution
		HideSolutionNode = FALSE
	EndGlobalSection
	GlobalSection(ExtensibilityGlobals) = postSolution
		SolutionGuid = {42EE1ABB-9CA3-4BB2-9717-6EDD7B8BB0B8}
	EndGlobalSection
EndGlobal
